// !$*UTF8*$!
{
	archiveVersion = 1;
	classes = {
	};
	objectVersion = 46;
	objects = {

/* Begin PBXBuildFile section */
		0875DE621ABE29FA0042A417 /* main.m in Sources */ = {isa = PBXBuildFile; fileRef = 0875DE611ABE29FA0042A417 /* main.m */; };
		0875DE651ABE29FA0042A417 /* AppDelegate.m in Sources */ = {isa = PBXBuildFile; fileRef = 0875DE641ABE29FA0042A417 /* AppDelegate.m */; };
		0875DE6D1ABE29FA0042A417 /* Images.xcassets in Resources */ = {isa = PBXBuildFile; fileRef = 0875DE6C1ABE29FA0042A417 /* Images.xcassets */; };
		82029FE01B151E0E0062AC06 /* GDCloudProviderHelper_Private.h in Headers */ = {isa = PBXBuildFile; fileRef = 82029FDA1B1518820062AC06 /* GDCloudProviderHelper_Private.h */; settings = {ATTRIBUTES = (Private, ); }; };
		82029FE31B1523C90062AC06 /* GDLog.h in Headers */ = {isa = PBXBuildFile; fileRef = 82029FE11B1523C90062AC06 /* GDLog.h */; };
		829BA7771B0E9FBC00A39CA7 /* DropboxSDK.framework in Frameworks */ = {isa = PBXBuildFile; fileRef = 82F4829C1B0D0C3800B4FE1E /* DropboxSDK.framework */; };
		829BA77B1B0EA01400A39CA7 /* GDCloudFile.m in Sources */ = {isa = PBXBuildFile; fileRef = 82D889D21B0BD6EE006C3A17 /* GDCloudFile.m */; };
		829BA77C1B0EA01400A39CA7 /* GDCloudProviderHelper.m in Sources */ = {isa = PBXBuildFile; fileRef = 82D889D41B0BD6EE006C3A17 /* GDCloudProviderHelper.m */; };
		829BA77D1B0EA01400A39CA7 /* GDDropboxHelper.m in Sources */ = {isa = PBXBuildFile; fileRef = 82D889D61B0BD6EE006C3A17 /* GDDropboxHelper.m */; };
		829BA77E1B0EA01400A39CA7 /* GDGoogleDriveHelper.m in Sources */ = {isa = PBXBuildFile; fileRef = 82D889DB1B0BD6EE006C3A17 /* GDGoogleDriveHelper.m */; };
		829BA7801B0EA01400A39CA7 /* KeysHelper.m in Sources */ = {isa = PBXBuildFile; fileRef = 82D889E31B0BD6EE006C3A17 /* KeysHelper.m */; };
		829BA7811B0EA02700A39CA7 /* GTLDrive_Sources.m in Sources */ = {isa = PBXBuildFile; fileRef = 82D889C51B0BCB29006C3A17 /* GTLDrive_Sources.m */; };
		829BA7821B0EA05D00A39CA7 /* libGTLTouchStaticLib.a in Frameworks */ = {isa = PBXBuildFile; fileRef = 82D88B961B0BF12E006C3A17 /* libGTLTouchStaticLib.a */; };
		829BA7911B0EA1F700A39CA7 /* GDFilePickerViewController.m in Sources */ = {isa = PBXBuildFile; fileRef = 829BA7851B0EA1F700A39CA7 /* GDFilePickerViewController.m */; };
		829BA7921B0EA1F700A39CA7 /* GDFilePickerViewController.xib in Resources */ = {isa = PBXBuildFile; fileRef = 829BA7861B0EA1F700A39CA7 /* GDFilePickerViewController.xib */; };
		829BA7931B0EA1F700A39CA7 /* GDLandingViewController.m in Sources */ = {isa = PBXBuildFile; fileRef = 829BA7881B0EA1F700A39CA7 /* GDLandingViewController.m */; };
		829BA7941B0EA1F700A39CA7 /* GDLandingViewController.xib in Resources */ = {isa = PBXBuildFile; fileRef = 829BA7891B0EA1F700A39CA7 /* GDLandingViewController.xib */; };
		829BA7951B0EA1F700A39CA7 /* GDQuickPreviewViewController.m in Sources */ = {isa = PBXBuildFile; fileRef = 829BA78B1B0EA1F700A39CA7 /* GDQuickPreviewViewController.m */; };
		829BA7961B0EA1F700A39CA7 /* GDQuickPreviewViewController.xib in Resources */ = {isa = PBXBuildFile; fileRef = 829BA78C1B0EA1F700A39CA7 /* GDQuickPreviewViewController.xib */; };
		829BA7971B0EA1F700A39CA7 /* GDCloudContentBrowserCell.m in Sources */ = {isa = PBXBuildFile; fileRef = 829BA78F1B0EA1F700A39CA7 /* GDCloudContentBrowserCell.m */; };
		829BA7981B0EA1F700A39CA7 /* GDCloudContentBrowserCell.xib in Resources */ = {isa = PBXBuildFile; fileRef = 829BA7901B0EA1F700A39CA7 /* GDCloudContentBrowserCell.xib */; };
		829BA79A1B0EA5B900A39CA7 /* QuartzCore.framework in Frameworks */ = {isa = PBXBuildFile; fileRef = 0875DE291ABDD40E0042A417 /* QuartzCore.framework */; };
		82F4829F1B0D1A3400B4FE1E /* CoreGraphics.framework in Frameworks */ = {isa = PBXBuildFile; fileRef = 0875DE2B1ABDD4620042A417 /* CoreGraphics.framework */; };
		82F482A31B0D621C00B4FE1E /* GTMOAuth2ViewTouch.xib in Resources */ = {isa = PBXBuildFile; fileRef = 82F482A21B0D621C00B4FE1E /* GTMOAuth2ViewTouch.xib */; };
		82FC07F11B0C0ADA004E95A6 /* Security.framework in Frameworks */ = {isa = PBXBuildFile; fileRef = 0875DE271ABDD4090042A417 /* Security.framework */; };
		82FC07F21B0C0AE2004E95A6 /* SystemConfiguration.framework in Frameworks */ = {isa = PBXBuildFile; fileRef = 0875DE3D1ABDD7730042A417 /* SystemConfiguration.framework */; };
/* End PBXBuildFile section */

/* Begin PBXContainerItemProxy section */
		0875DE761ABE29FA0042A417 /* PBXContainerItemProxy */ = {
			isa = PBXContainerItemProxy;
			containerPortal = 082DBBF61ABDB78E002A0CAE /* Project object */;
			proxyType = 1;
			remoteGlobalIDString = 0875DE5C1ABE29FA0042A417;
			remoteInfo = GDCloudFIleBrowser;
		};
		82D88B931B0BF12E006C3A17 /* PBXContainerItemProxy */ = {
			isa = PBXContainerItemProxy;
			containerPortal = 82D88A0C1B0BF12D006C3A17 /* GTL.xcodeproj */;
			proxyType = 2;
			remoteGlobalIDString = 4F38F6A60B66E91D00B24B81;
			remoteInfo = GTLFramework;
		};
		82D88B951B0BF12E006C3A17 /* PBXContainerItemProxy */ = {
			isa = PBXContainerItemProxy;
			containerPortal = 82D88A0C1B0BF12D006C3A17 /* GTL.xcodeproj */;
			proxyType = 2;
			remoteGlobalIDString = 4F12027C11A4CA2F00BEB470;
			remoteInfo = GTLTouchStaticLib;
		};
		82D88B971B0BF12E006C3A17 /* PBXContainerItemProxy */ = {
			isa = PBXContainerItemProxy;
			containerPortal = 82D88A0C1B0BF12D006C3A17 /* GTL.xcodeproj */;
			proxyType = 2;
			remoteGlobalIDString = 4F12027D11A4CA2F00BEB470;
			remoteInfo = GTLUnitTests;
		};
		82D88B991B0BF12E006C3A17 /* PBXContainerItemProxy */ = {
			isa = PBXContainerItemProxy;
			containerPortal = 82D88A0C1B0BF12D006C3A17 /* GTL.xcodeproj */;
			proxyType = 2;
			remoteGlobalIDString = 4F1AD9020B71603F00DC0485;
			remoteInfo = DevelopmentTestTool;
		};
/* End PBXContainerItemProxy section */

/* Begin PBXFileReference section */
		082DBC031ABDB78E002A0CAE /* Info.plist */ = {isa = PBXFileReference; lastKnownFileType = text.plist.xml; path = Info.plist; sourceTree = "<group>"; };
		082DBC101ABDB78E002A0CAE /* Info.plist */ = {isa = PBXFileReference; lastKnownFileType = text.plist.xml; path = Info.plist; sourceTree = "<group>"; };
		082DBC111ABDB78E002A0CAE /* GDCloudFileBrowserTests.m */ = {isa = PBXFileReference; lastKnownFileType = sourcecode.c.objc; lineEnding = 0; path = GDCloudFileBrowserTests.m; sourceTree = "<group>"; xcLanguageSpecificationIdentifier = xcode.lang.objc; };
		0875DE271ABDD4090042A417 /* Security.framework */ = {isa = PBXFileReference; lastKnownFileType = wrapper.framework; name = Security.framework; path = System/Library/Frameworks/Security.framework; sourceTree = SDKROOT; };
		0875DE291ABDD40E0042A417 /* QuartzCore.framework */ = {isa = PBXFileReference; lastKnownFileType = wrapper.framework; name = QuartzCore.framework; path = System/Library/Frameworks/QuartzCore.framework; sourceTree = SDKROOT; };
		0875DE2B1ABDD4620042A417 /* CoreGraphics.framework */ = {isa = PBXFileReference; lastKnownFileType = wrapper.framework; name = CoreGraphics.framework; path = System/Library/Frameworks/CoreGraphics.framework; sourceTree = SDKROOT; };
		0875DE2F1ABDD52A0042A417 /* UIKit.framework */ = {isa = PBXFileReference; lastKnownFileType = wrapper.framework; name = UIKit.framework; path = System/Library/Frameworks/UIKit.framework; sourceTree = SDKROOT; };
		0875DE3B1ABDD7670042A417 /* CFNetwork.framework */ = {isa = PBXFileReference; lastKnownFileType = wrapper.framework; name = CFNetwork.framework; path = System/Library/Frameworks/CFNetwork.framework; sourceTree = SDKROOT; };
		0875DE3D1ABDD7730042A417 /* SystemConfiguration.framework */ = {isa = PBXFileReference; lastKnownFileType = wrapper.framework; name = SystemConfiguration.framework; path = System/Library/Frameworks/SystemConfiguration.framework; sourceTree = SDKROOT; };
		0875DE3F1ABDD7830042A417 /* libc++.dylib */ = {isa = PBXFileReference; lastKnownFileType = "compiled.mach-o.dylib"; name = "libc++.dylib"; path = "usr/lib/libc++.dylib"; sourceTree = SDKROOT; };
		0875DE411ABDD78D0042A417 /* libz.dylib */ = {isa = PBXFileReference; lastKnownFileType = "compiled.mach-o.dylib"; name = libz.dylib; path = usr/lib/libz.dylib; sourceTree = SDKROOT; };
		0875DE5D1ABE29FA0042A417 /* GDCloudFIleBrowser.app */ = {isa = PBXFileReference; explicitFileType = wrapper.application; includeInIndex = 0; path = GDCloudFIleBrowser.app; sourceTree = BUILT_PRODUCTS_DIR; };
		0875DE611ABE29FA0042A417 /* main.m */ = {isa = PBXFileReference; lastKnownFileType = sourcecode.c.objc; lineEnding = 0; name = main.m; path = ../GDCloudFIleBrowser/main.m; sourceTree = "<group>"; xcLanguageSpecificationIdentifier = xcode.lang.objc; };
		0875DE631ABE29FA0042A417 /* AppDelegate.h */ = {isa = PBXFileReference; lastKnownFileType = sourcecode.c.h; name = AppDelegate.h; path = ../GDCloudFIleBrowser/AppDelegate.h; sourceTree = "<group>"; };
		0875DE641ABE29FA0042A417 /* AppDelegate.m */ = {isa = PBXFileReference; lastKnownFileType = sourcecode.c.objc; name = AppDelegate.m; path = ../GDCloudFIleBrowser/AppDelegate.m; sourceTree = "<group>"; };
		0875DE6C1ABE29FA0042A417 /* Images.xcassets */ = {isa = PBXFileReference; lastKnownFileType = folder.assetcatalog; name = Images.xcassets; path = ../GDCloudFIleBrowser/Images.xcassets; sourceTree = "<group>"; };
		0875DE6F1ABE29FA0042A417 /* Base */ = {isa = PBXFileReference; lastKnownFileType = file.xib; name = Base; path = Base.lproj/LaunchScreen.xib; sourceTree = "<group>"; };
		0875DE751ABE29FA0042A417 /* GDCloudFIleBrowserTests.xctest */ = {isa = PBXFileReference; explicitFileType = wrapper.cfbundle; includeInIndex = 0; path = GDCloudFIleBrowserTests.xctest; sourceTree = BUILT_PRODUCTS_DIR; };
		6CDEE175808DF39677D6FA58 /* Pods.release.xcconfig */ = {isa = PBXFileReference; includeInIndex = 1; lastKnownFileType = text.xcconfig; name = Pods.release.xcconfig; path = "Pods/Target Support Files/Pods/Pods.release.xcconfig"; sourceTree = "<group>"; };
		82029FDA1B1518820062AC06 /* GDCloudProviderHelper_Private.h */ = {isa = PBXFileReference; lastKnownFileType = sourcecode.c.h; path = GDCloudProviderHelper_Private.h; sourceTree = "<group>"; };
		82029FE11B1523C90062AC06 /* GDLog.h */ = {isa = PBXFileReference; fileEncoding = 4; lastKnownFileType = sourcecode.c.h; path = GDLog.h; sourceTree = "<group>"; };
		829BA7731B0E93E800A39CA7 /* Keys-example.plist */ = {isa = PBXFileReference; lastKnownFileType = text.plist.xml; path = "Keys-example.plist"; sourceTree = "<group>"; };
		829BA7841B0EA1F700A39CA7 /* GDFilePickerViewController.h */ = {isa = PBXFileReference; fileEncoding = 4; lastKnownFileType = sourcecode.c.h; lineEnding = 0; path = GDFilePickerViewController.h; sourceTree = "<group>"; xcLanguageSpecificationIdentifier = xcode.lang.objcpp; };
		829BA7851B0EA1F700A39CA7 /* GDFilePickerViewController.m */ = {isa = PBXFileReference; fileEncoding = 4; lastKnownFileType = sourcecode.c.objc; lineEnding = 0; path = GDFilePickerViewController.m; sourceTree = "<group>"; xcLanguageSpecificationIdentifier = xcode.lang.objc; };
		829BA7861B0EA1F700A39CA7 /* GDFilePickerViewController.xib */ = {isa = PBXFileReference; fileEncoding = 4; lastKnownFileType = file.xib; path = GDFilePickerViewController.xib; sourceTree = "<group>"; };
		829BA7871B0EA1F700A39CA7 /* GDLandingViewController.h */ = {isa = PBXFileReference; fileEncoding = 4; lastKnownFileType = sourcecode.c.h; lineEnding = 0; path = GDLandingViewController.h; sourceTree = "<group>"; xcLanguageSpecificationIdentifier = xcode.lang.objcpp; };
		829BA7881B0EA1F700A39CA7 /* GDLandingViewController.m */ = {isa = PBXFileReference; fileEncoding = 4; lastKnownFileType = sourcecode.c.objc; lineEnding = 0; path = GDLandingViewController.m; sourceTree = "<group>"; xcLanguageSpecificationIdentifier = xcode.lang.objc; };
		829BA7891B0EA1F700A39CA7 /* GDLandingViewController.xib */ = {isa = PBXFileReference; fileEncoding = 4; lastKnownFileType = file.xib; path = GDLandingViewController.xib; sourceTree = "<group>"; };
		829BA78A1B0EA1F700A39CA7 /* GDQuickPreviewViewController.h */ = {isa = PBXFileReference; fileEncoding = 4; lastKnownFileType = sourcecode.c.h; path = GDQuickPreviewViewController.h; sourceTree = "<group>"; };
		829BA78B1B0EA1F700A39CA7 /* GDQuickPreviewViewController.m */ = {isa = PBXFileReference; fileEncoding = 4; lastKnownFileType = sourcecode.c.objc; path = GDQuickPreviewViewController.m; sourceTree = "<group>"; };
		829BA78C1B0EA1F700A39CA7 /* GDQuickPreviewViewController.xib */ = {isa = PBXFileReference; fileEncoding = 4; lastKnownFileType = file.xib; path = GDQuickPreviewViewController.xib; sourceTree = "<group>"; };
		829BA78E1B0EA1F700A39CA7 /* GDCloudContentBrowserCell.h */ = {isa = PBXFileReference; fileEncoding = 4; lastKnownFileType = sourcecode.c.h; path = GDCloudContentBrowserCell.h; sourceTree = "<group>"; };
		829BA78F1B0EA1F700A39CA7 /* GDCloudContentBrowserCell.m */ = {isa = PBXFileReference; fileEncoding = 4; lastKnownFileType = sourcecode.c.objc; path = GDCloudContentBrowserCell.m; sourceTree = "<group>"; };
		829BA7901B0EA1F700A39CA7 /* GDCloudContentBrowserCell.xib */ = {isa = PBXFileReference; fileEncoding = 4; lastKnownFileType = file.xib; path = GDCloudContentBrowserCell.xib; sourceTree = "<group>"; };
		829BA7991B0EA46200A39CA7 /* Readme.md */ = {isa = PBXFileReference; lastKnownFileType = net.daringfireball.markdown; path = Readme.md; sourceTree = "<group>"; };
		829BA79B1B0EA7E600A39CA7 /* GDCloudFileBrowser.h */ = {isa = PBXFileReference; lastKnownFileType = sourcecode.c.h; path = GDCloudFileBrowser.h; sourceTree = "<group>"; };
		82D889C51B0BCB29006C3A17 /* GTLDrive_Sources.m */ = {isa = PBXFileReference; fileEncoding = 4; lastKnownFileType = sourcecode.c.objc; path = GTLDrive_Sources.m; sourceTree = "<group>"; };
		82D889C61B0BCB29006C3A17 /* GTLDrive.h */ = {isa = PBXFileReference; fileEncoding = 4; lastKnownFileType = sourcecode.c.h; path = GTLDrive.h; sourceTree = "<group>"; };
		82D889D11B0BD6EE006C3A17 /* GDCloudFile.h */ = {isa = PBXFileReference; fileEncoding = 4; lastKnownFileType = sourcecode.c.h; lineEnding = 0; path = GDCloudFile.h; sourceTree = "<group>"; xcLanguageSpecificationIdentifier = xcode.lang.objcpp; };
		82D889D21B0BD6EE006C3A17 /* GDCloudFile.m */ = {isa = PBXFileReference; fileEncoding = 4; lastKnownFileType = sourcecode.c.objc; path = GDCloudFile.m; sourceTree = "<group>"; };
		82D889D31B0BD6EE006C3A17 /* GDCloudProviderHelper.h */ = {isa = PBXFileReference; fileEncoding = 4; lastKnownFileType = sourcecode.c.h; lineEnding = 0; path = GDCloudProviderHelper.h; sourceTree = "<group>"; xcLanguageSpecificationIdentifier = xcode.lang.objcpp; };
		82D889D41B0BD6EE006C3A17 /* GDCloudProviderHelper.m */ = {isa = PBXFileReference; fileEncoding = 4; lastKnownFileType = sourcecode.c.objc; lineEnding = 0; path = GDCloudProviderHelper.m; sourceTree = "<group>"; xcLanguageSpecificationIdentifier = xcode.lang.objc; };
		82D889D51B0BD6EE006C3A17 /* GDDropboxHelper.h */ = {isa = PBXFileReference; fileEncoding = 4; lastKnownFileType = sourcecode.c.h; lineEnding = 0; path = GDDropboxHelper.h; sourceTree = "<group>"; xcLanguageSpecificationIdentifier = xcode.lang.objcpp; };
		82D889D61B0BD6EE006C3A17 /* GDDropboxHelper.m */ = {isa = PBXFileReference; fileEncoding = 4; lastKnownFileType = sourcecode.c.objc; lineEnding = 0; path = GDDropboxHelper.m; sourceTree = "<group>"; xcLanguageSpecificationIdentifier = xcode.lang.objc; };
		82D889DA1B0BD6EE006C3A17 /* GDGoogleDriveHelper.h */ = {isa = PBXFileReference; fileEncoding = 4; lastKnownFileType = sourcecode.c.h; lineEnding = 0; path = GDGoogleDriveHelper.h; sourceTree = "<group>"; xcLanguageSpecificationIdentifier = xcode.lang.objcpp; };
		82D889DB1B0BD6EE006C3A17 /* GDGoogleDriveHelper.m */ = {isa = PBXFileReference; fileEncoding = 4; lastKnownFileType = sourcecode.c.objc; lineEnding = 0; path = GDGoogleDriveHelper.m; sourceTree = "<group>"; xcLanguageSpecificationIdentifier = xcode.lang.objc; };
		82D889E21B0BD6EE006C3A17 /* KeysHelper.h */ = {isa = PBXFileReference; fileEncoding = 4; lastKnownFileType = sourcecode.c.h; lineEnding = 0; path = KeysHelper.h; sourceTree = "<group>"; xcLanguageSpecificationIdentifier = xcode.lang.objcpp; };
		82D889E31B0BD6EE006C3A17 /* KeysHelper.m */ = {isa = PBXFileReference; fileEncoding = 4; lastKnownFileType = sourcecode.c.objc; lineEnding = 0; path = KeysHelper.m; sourceTree = "<group>"; xcLanguageSpecificationIdentifier = xcode.lang.objc; };
		82D88A0C1B0BF12D006C3A17 /* GTL.xcodeproj */ = {isa = PBXFileReference; lastKnownFileType = "wrapper.pb-project"; path = GTL.xcodeproj; sourceTree = "<group>"; };
		82D88BB01B0BFD38006C3A17 /* libGTLTouchStaticLib.a */ = {isa = PBXFileReference; lastKnownFileType = archive.ar; name = libGTLTouchStaticLib.a; path = "google-drive/libGTLTouchStaticLib.a"; sourceTree = "<group>"; };
		82F482971B0D09F400B4FE1E /* Keys.plist */ = {isa = PBXFileReference; fileEncoding = 4; lastKnownFileType = text.plist.xml; path = Keys.plist; sourceTree = "<group>"; };
		82F4829C1B0D0C3800B4FE1E /* DropboxSDK.framework */ = {isa = PBXFileReference; lastKnownFileType = wrapper.framework; name = DropboxSDK.framework; path = dropbox/DropboxSDK.framework; sourceTree = "<group>"; };
		82F482A21B0D621C00B4FE1E /* GTMOAuth2ViewTouch.xib */ = {isa = PBXFileReference; fileEncoding = 4; lastKnownFileType = file.xib; name = GTMOAuth2ViewTouch.xib; path = Source/OAuth2/Touch/GTMOAuth2ViewTouch.xib; sourceTree = "<group>"; };
		B27A6B775F8E869646321FA4 /* Pods.debug.xcconfig */ = {isa = PBXFileReference; includeInIndex = 1; lastKnownFileType = text.xcconfig; name = Pods.debug.xcconfig; path = "Pods/Target Support Files/Pods/Pods.debug.xcconfig"; sourceTree = "<group>"; };
		DA64B1907EE473091344E898 /* libPods.a */ = {isa = PBXFileReference; explicitFileType = archive.ar; includeInIndex = 0; path = libPods.a; sourceTree = BUILT_PRODUCTS_DIR; };
/* End PBXFileReference section */

/* Begin PBXFrameworksBuildPhase section */
		0875DE5A1ABE29FA0042A417 /* Frameworks */ = {
			isa = PBXFrameworksBuildPhase;
			buildActionMask = 2147483647;
			files = (
				829BA79A1B0EA5B900A39CA7 /* QuartzCore.framework in Frameworks */,
				829BA7821B0EA05D00A39CA7 /* libGTLTouchStaticLib.a in Frameworks */,
				829BA7771B0E9FBC00A39CA7 /* DropboxSDK.framework in Frameworks */,
				82F4829F1B0D1A3400B4FE1E /* CoreGraphics.framework in Frameworks */,
				82FC07F21B0C0AE2004E95A6 /* SystemConfiguration.framework in Frameworks */,
				82FC07F11B0C0ADA004E95A6 /* Security.framework in Frameworks */,
			);
			runOnlyForDeploymentPostprocessing = 0;
		};
		0875DE721ABE29FA0042A417 /* Frameworks */ = {
			isa = PBXFrameworksBuildPhase;
			buildActionMask = 2147483647;
			files = (
			);
			runOnlyForDeploymentPostprocessing = 0;
		};
/* End PBXFrameworksBuildPhase section */

/* Begin PBXGroup section */
		082DBBF51ABDB78E002A0CAE = {
			isa = PBXGroup;
			children = (
				829BA7991B0EA46200A39CA7 /* Readme.md */,
				67C417ED593B608E1ED3D335 /* Frameworks */,
				082DBC011ABDB78E002A0CAE /* GDCloudFileBrowser */,
				082DBC0E1ABDB78E002A0CAE /* GDCloudFileBrowserTests */,
				82D887C01B0BBEE4006C3A17 /* google-drive */,
				CFBCB8B51E45BAF969A30CDD /* Pods */,
				082DBC001ABDB78E002A0CAE /* Products */,
				0875DE501ABDE1050042A417 /* Resources */,
			);
			sourceTree = "<group>";
		};
		082DBC001ABDB78E002A0CAE /* Products */ = {
			isa = PBXGroup;
			children = (
				0875DE5D1ABE29FA0042A417 /* GDCloudFIleBrowser.app */,
				0875DE751ABE29FA0042A417 /* GDCloudFIleBrowserTests.xctest */,
			);
			name = Products;
			sourceTree = "<group>";
		};
		082DBC011ABDB78E002A0CAE /* GDCloudFileBrowser */ = {
			isa = PBXGroup;
			children = (
				829BA7831B0EA1F700A39CA7 /* UI */,
				0875DE631ABE29FA0042A417 /* AppDelegate.h */,
				0875DE641ABE29FA0042A417 /* AppDelegate.m */,
				0875DE6C1ABE29FA0042A417 /* Images.xcassets */,
				0875DE6E1ABE29FA0042A417 /* LaunchScreen.xib */,
				82D889D01B0BD6EE006C3A17 /* Core */,
				082DBC021ABDB78E002A0CAE /* Supporting Files */,
			);
			path = GDCloudFileBrowser;
			sourceTree = "<group>";
		};
		082DBC021ABDB78E002A0CAE /* Supporting Files */ = {
			isa = PBXGroup;
			children = (
				829BA7731B0E93E800A39CA7 /* Keys-example.plist */,
				082DBC031ABDB78E002A0CAE /* Info.plist */,
				0875DE611ABE29FA0042A417 /* main.m */,
				82F482971B0D09F400B4FE1E /* Keys.plist */,
			);
			name = "Supporting Files";
			sourceTree = "<group>";
		};
		082DBC0E1ABDB78E002A0CAE /* GDCloudFileBrowserTests */ = {
			isa = PBXGroup;
			children = (
				082DBC111ABDB78E002A0CAE /* GDCloudFileBrowserTests.m */,
				082DBC0F1ABDB78E002A0CAE /* Supporting Files */,
			);
			path = GDCloudFileBrowserTests;
			sourceTree = "<group>";
		};
		082DBC0F1ABDB78E002A0CAE /* Supporting Files */ = {
			isa = PBXGroup;
			children = (
				082DBC101ABDB78E002A0CAE /* Info.plist */,
			);
			name = "Supporting Files";
			sourceTree = "<group>";
		};
		0875DE501ABDE1050042A417 /* Resources */ = {
			isa = PBXGroup;
			children = (
			);
			path = Resources;
			sourceTree = "<group>";
		};
		67C417ED593B608E1ED3D335 /* Frameworks */ = {
			isa = PBXGroup;
			children = (
				82F4829C1B0D0C3800B4FE1E /* DropboxSDK.framework */,
				82D88BB01B0BFD38006C3A17 /* libGTLTouchStaticLib.a */,
				0875DE411ABDD78D0042A417 /* libz.dylib */,
				0875DE3F1ABDD7830042A417 /* libc++.dylib */,
				0875DE3D1ABDD7730042A417 /* SystemConfiguration.framework */,
				0875DE3B1ABDD7670042A417 /* CFNetwork.framework */,
				0875DE2F1ABDD52A0042A417 /* UIKit.framework */,
				0875DE2B1ABDD4620042A417 /* CoreGraphics.framework */,
				0875DE291ABDD40E0042A417 /* QuartzCore.framework */,
				0875DE271ABDD4090042A417 /* Security.framework */,
				DA64B1907EE473091344E898 /* libPods.a */,
			);
			name = Frameworks;
			sourceTree = "<group>";
		};
		829BA7831B0EA1F700A39CA7 /* UI */ = {
			isa = PBXGroup;
			children = (
				829BA7841B0EA1F700A39CA7 /* GDFilePickerViewController.h */,
				829BA7851B0EA1F700A39CA7 /* GDFilePickerViewController.m */,
				829BA7861B0EA1F700A39CA7 /* GDFilePickerViewController.xib */,
				829BA7871B0EA1F700A39CA7 /* GDLandingViewController.h */,
				829BA7881B0EA1F700A39CA7 /* GDLandingViewController.m */,
				829BA7891B0EA1F700A39CA7 /* GDLandingViewController.xib */,
				829BA78A1B0EA1F700A39CA7 /* GDQuickPreviewViewController.h */,
				829BA78B1B0EA1F700A39CA7 /* GDQuickPreviewViewController.m */,
				829BA78C1B0EA1F700A39CA7 /* GDQuickPreviewViewController.xib */,
				829BA78D1B0EA1F700A39CA7 /* Views */,
			);
			path = UI;
			sourceTree = "<group>";
		};
		829BA78D1B0EA1F700A39CA7 /* Views */ = {
			isa = PBXGroup;
			children = (
				829BA78E1B0EA1F700A39CA7 /* GDCloudContentBrowserCell.h */,
				829BA78F1B0EA1F700A39CA7 /* GDCloudContentBrowserCell.m */,
				829BA7901B0EA1F700A39CA7 /* GDCloudContentBrowserCell.xib */,
			);
			path = Views;
			sourceTree = "<group>";
		};
		82D887C01B0BBEE4006C3A17 /* google-drive */ = {
			isa = PBXGroup;
			children = (
				82D88A0B1B0BF12D006C3A17 /* Source */,
				82D889C51B0BCB29006C3A17 /* GTLDrive_Sources.m */,
				82D889C61B0BCB29006C3A17 /* GTLDrive.h */,
				82F482A21B0D621C00B4FE1E /* GTMOAuth2ViewTouch.xib */,
			);
			path = "google-drive";
			sourceTree = "<group>";
		};
		82D889D01B0BD6EE006C3A17 /* Core */ = {
			isa = PBXGroup;
			children = (
				829BA79B1B0EA7E600A39CA7 /* GDCloudFileBrowser.h */,
				82D889D11B0BD6EE006C3A17 /* GDCloudFile.h */,
				82D889D21B0BD6EE006C3A17 /* GDCloudFile.m */,
				82D889D31B0BD6EE006C3A17 /* GDCloudProviderHelper.h */,
				82029FDA1B1518820062AC06 /* GDCloudProviderHelper_Private.h */,
				82D889D41B0BD6EE006C3A17 /* GDCloudProviderHelper.m */,
				82D889D51B0BD6EE006C3A17 /* GDDropboxHelper.h */,
				82D889D61B0BD6EE006C3A17 /* GDDropboxHelper.m */,
				82D889DA1B0BD6EE006C3A17 /* GDGoogleDriveHelper.h */,
				82D889DB1B0BD6EE006C3A17 /* GDGoogleDriveHelper.m */,
				82D889E21B0BD6EE006C3A17 /* KeysHelper.h */,
				82D889E31B0BD6EE006C3A17 /* KeysHelper.m */,
				82029FE11B1523C90062AC06 /* GDLog.h */,
			);
			path = Core;
			sourceTree = "<group>";
		};
		82D88A0B1B0BF12D006C3A17 /* Source */ = {
			isa = PBXGroup;
			children = (
				82D88A0C1B0BF12D006C3A17 /* GTL.xcodeproj */,
			);
			path = Source;
			sourceTree = "<group>";
		};
		82D88A0D1B0BF12D006C3A17 /* Products */ = {
			isa = PBXGroup;
			children = (
				82D88B941B0BF12E006C3A17 /* GTL.framework */,
				82D88B961B0BF12E006C3A17 /* libGTLTouchStaticLib.a */,
				82D88B981B0BF12E006C3A17 /* GTLUnitTests.xctest */,
				82D88B9A1B0BF12E006C3A17 /* DevelopmentTestTool */,
			);
			name = Products;
			sourceTree = "<group>";
		};
		CFBCB8B51E45BAF969A30CDD /* Pods */ = {
			isa = PBXGroup;
			children = (
				B27A6B775F8E869646321FA4 /* Pods.debug.xcconfig */,
				6CDEE175808DF39677D6FA58 /* Pods.release.xcconfig */,
			);
			name = Pods;
			sourceTree = "<group>";
		};
/* End PBXGroup section */

/* Begin PBXHeadersBuildPhase section */
		82029FDF1B151DD80062AC06 /* Headers */ = {
			isa = PBXHeadersBuildPhase;
			buildActionMask = 2147483647;
			files = (
				82029FE31B1523C90062AC06 /* GDLog.h in Headers */,
				82029FE01B151E0E0062AC06 /* GDCloudProviderHelper_Private.h in Headers */,
			);
			runOnlyForDeploymentPostprocessing = 0;
		};
/* End PBXHeadersBuildPhase section */

/* Begin PBXNativeTarget section */
		0875DE5C1ABE29FA0042A417 /* GDCloudFIleBrowser */ = {
			isa = PBXNativeTarget;
			buildConfigurationList = 0875DE7D1ABE29FA0042A417 /* Build configuration list for PBXNativeTarget "GDCloudFIleBrowser" */;
			buildPhases = (
				0875DE591ABE29FA0042A417 /* Sources */,
				0875DE5A1ABE29FA0042A417 /* Frameworks */,
				0875DE5B1ABE29FA0042A417 /* Resources */,
				82029FDF1B151DD80062AC06 /* Headers */,
			);
			buildRules = (
			);
			dependencies = (
			);
			name = GDCloudFIleBrowser;
			productName = GDCloudFIleBrowser;
			productReference = 0875DE5D1ABE29FA0042A417 /* GDCloudFIleBrowser.app */;
			productType = "com.apple.product-type.application";
		};
		0875DE741ABE29FA0042A417 /* GDCloudFIleBrowserTests */ = {
			isa = PBXNativeTarget;
			buildConfigurationList = 0875DE801ABE29FA0042A417 /* Build configuration list for PBXNativeTarget "GDCloudFIleBrowserTests" */;
			buildPhases = (
				0875DE711ABE29FA0042A417 /* Sources */,
				0875DE721ABE29FA0042A417 /* Frameworks */,
				0875DE731ABE29FA0042A417 /* Resources */,
			);
			buildRules = (
			);
			dependencies = (
				0875DE771ABE29FA0042A417 /* PBXTargetDependency */,
			);
			name = GDCloudFIleBrowserTests;
			productName = GDCloudFIleBrowserTests;
			productReference = 0875DE751ABE29FA0042A417 /* GDCloudFIleBrowserTests.xctest */;
			productType = "com.apple.product-type.bundle.unit-test";
		};
/* End PBXNativeTarget section */

/* Begin PBXProject section */
		082DBBF61ABDB78E002A0CAE /* Project object */ = {
			isa = PBXProject;
			attributes = {
				LastUpgradeCheck = 0620;
				ORGANIZATIONNAME = "Linto Mathew";
				TargetAttributes = {
					0875DE5C1ABE29FA0042A417 = {
						CreatedOnToolsVersion = 6.2;
					};
					0875DE741ABE29FA0042A417 = {
						CreatedOnToolsVersion = 6.2;
						TestTargetID = 0875DE5C1ABE29FA0042A417;
					};
				};
			};
			buildConfigurationList = 082DBBF91ABDB78E002A0CAE /* Build configuration list for PBXProject "GDCloudFileBrowser" */;
			compatibilityVersion = "Xcode 3.2";
			developmentRegion = English;
			hasScannedForEncodings = 0;
			knownRegions = (
				en,
				Base,
			);
			mainGroup = 082DBBF51ABDB78E002A0CAE;
			productRefGroup = 082DBC001ABDB78E002A0CAE /* Products */;
			projectDirPath = "";
			projectReferences = (
				{
					ProductGroup = 82D88A0D1B0BF12D006C3A17 /* Products */;
					ProjectRef = 82D88A0C1B0BF12D006C3A17 /* GTL.xcodeproj */;
				},
			);
			projectRoot = "";
			targets = (
				0875DE5C1ABE29FA0042A417 /* GDCloudFIleBrowser */,
				0875DE741ABE29FA0042A417 /* GDCloudFIleBrowserTests */,
			);
		};
/* End PBXProject section */

/* Begin PBXReferenceProxy section */
		82D88B941B0BF12E006C3A17 /* GTL.framework */ = {
			isa = PBXReferenceProxy;
			fileType = wrapper.framework;
			path = GTL.framework;
			remoteRef = 82D88B931B0BF12E006C3A17 /* PBXContainerItemProxy */;
			sourceTree = BUILT_PRODUCTS_DIR;
		};
		82D88B961B0BF12E006C3A17 /* libGTLTouchStaticLib.a */ = {
			isa = PBXReferenceProxy;
			fileType = archive.ar;
			path = libGTLTouchStaticLib.a;
			remoteRef = 82D88B951B0BF12E006C3A17 /* PBXContainerItemProxy */;
			sourceTree = BUILT_PRODUCTS_DIR;
		};
		82D88B981B0BF12E006C3A17 /* GTLUnitTests.xctest */ = {
			isa = PBXReferenceProxy;
			fileType = wrapper.cfbundle;
			path = GTLUnitTests.xctest;
			remoteRef = 82D88B971B0BF12E006C3A17 /* PBXContainerItemProxy */;
			sourceTree = BUILT_PRODUCTS_DIR;
		};
		82D88B9A1B0BF12E006C3A17 /* DevelopmentTestTool */ = {
			isa = PBXReferenceProxy;
			fileType = "compiled.mach-o.executable";
			path = DevelopmentTestTool;
			remoteRef = 82D88B991B0BF12E006C3A17 /* PBXContainerItemProxy */;
			sourceTree = BUILT_PRODUCTS_DIR;
		};
/* End PBXReferenceProxy section */

/* Begin PBXResourcesBuildPhase section */
		0875DE5B1ABE29FA0042A417 /* Resources */ = {
			isa = PBXResourcesBuildPhase;
			buildActionMask = 2147483647;
			files = (
				829BA7961B0EA1F700A39CA7 /* GDQuickPreviewViewController.xib in Resources */,
				82F482A31B0D621C00B4FE1E /* GTMOAuth2ViewTouch.xib in Resources */,
				829BA7941B0EA1F700A39CA7 /* GDLandingViewController.xib in Resources */,
				0875DE6D1ABE29FA0042A417 /* Images.xcassets in Resources */,
				829BA7921B0EA1F700A39CA7 /* GDFilePickerViewController.xib in Resources */,
				829BA7981B0EA1F700A39CA7 /* GDCloudContentBrowserCell.xib in Resources */,
			);
			runOnlyForDeploymentPostprocessing = 0;
		};
		0875DE731ABE29FA0042A417 /* Resources */ = {
			isa = PBXResourcesBuildPhase;
			buildActionMask = 2147483647;
			files = (
			);
			runOnlyForDeploymentPostprocessing = 0;
		};
/* End PBXResourcesBuildPhase section */

/* Begin PBXSourcesBuildPhase section */
		0875DE591ABE29FA0042A417 /* Sources */ = {
			isa = PBXSourcesBuildPhase;
			buildActionMask = 2147483647;
			files = (
				829BA7811B0EA02700A39CA7 /* GTLDrive_Sources.m in Sources */,
				829BA77B1B0EA01400A39CA7 /* GDCloudFile.m in Sources */,
				829BA7951B0EA1F700A39CA7 /* GDQuickPreviewViewController.m in Sources */,
				829BA7971B0EA1F700A39CA7 /* GDCloudContentBrowserCell.m in Sources */,
				829BA77C1B0EA01400A39CA7 /* GDCloudProviderHelper.m in Sources */,
				829BA77D1B0EA01400A39CA7 /* GDDropboxHelper.m in Sources */,
				829BA77E1B0EA01400A39CA7 /* GDGoogleDriveHelper.m in Sources */,
				829BA7801B0EA01400A39CA7 /* KeysHelper.m in Sources */,
				829BA7911B0EA1F700A39CA7 /* GDFilePickerViewController.m in Sources */,
				0875DE651ABE29FA0042A417 /* AppDelegate.m in Sources */,
				0875DE621ABE29FA0042A417 /* main.m in Sources */,
				829BA7931B0EA1F700A39CA7 /* GDLandingViewController.m in Sources */,
			);
			runOnlyForDeploymentPostprocessing = 0;
		};
		0875DE711ABE29FA0042A417 /* Sources */ = {
			isa = PBXSourcesBuildPhase;
			buildActionMask = 2147483647;
			files = (
			);
			runOnlyForDeploymentPostprocessing = 0;
		};
/* End PBXSourcesBuildPhase section */

/* Begin PBXTargetDependency section */
		0875DE771ABE29FA0042A417 /* PBXTargetDependency */ = {
			isa = PBXTargetDependency;
			target = 0875DE5C1ABE29FA0042A417 /* GDCloudFIleBrowser */;
			targetProxy = 0875DE761ABE29FA0042A417 /* PBXContainerItemProxy */;
		};
/* End PBXTargetDependency section */

/* Begin PBXVariantGroup section */
		0875DE6E1ABE29FA0042A417 /* LaunchScreen.xib */ = {
			isa = PBXVariantGroup;
			children = (
				0875DE6F1ABE29FA0042A417 /* Base */,
			);
			name = LaunchScreen.xib;
			path = ../GDCloudFIleBrowser;
			sourceTree = "<group>";
		};
/* End PBXVariantGroup section */

/* Begin XCBuildConfiguration section */
		082DBC131ABDB78E002A0CAE /* Debug */ = {
			isa = XCBuildConfiguration;
			buildSettings = {
				ALWAYS_SEARCH_USER_PATHS = YES;
				CLANG_CXX_LANGUAGE_STANDARD = "gnu++0x";
				CLANG_CXX_LIBRARY = "libc++";
				CLANG_ENABLE_MODULES = YES;
				CLANG_ENABLE_OBJC_ARC = YES;
				CLANG_WARN_BOOL_CONVERSION = YES;
				CLANG_WARN_CONSTANT_CONVERSION = YES;
				CLANG_WARN_DIRECT_OBJC_ISA_USAGE = YES_ERROR;
				CLANG_WARN_EMPTY_BODY = YES;
				CLANG_WARN_ENUM_CONVERSION = YES;
				CLANG_WARN_INT_CONVERSION = YES;
				CLANG_WARN_OBJC_ROOT_CLASS = YES_ERROR;
				CLANG_WARN_UNREACHABLE_CODE = YES;
				CLANG_WARN__DUPLICATE_METHOD_MATCH = YES;
				"CODE_SIGN_IDENTITY[sdk=iphoneos*]" = "iPhone Developer";
				COPY_PHASE_STRIP = NO;
				CURRENT_PROJECT_VERSION = 1;
				ENABLE_STRICT_OBJC_MSGSEND = YES;
				GCC_C_LANGUAGE_STANDARD = gnu99;
				GCC_DYNAMIC_NO_PIC = NO;
				GCC_OPTIMIZATION_LEVEL = 0;
				GCC_PREPROCESSOR_DEFINITIONS = (
					"DEBUG=1",
					"$(inherited)",
				);
				GCC_SYMBOLS_PRIVATE_EXTERN = NO;
				GCC_WARN_64_TO_32_BIT_CONVERSION = YES;
				GCC_WARN_ABOUT_RETURN_TYPE = YES_ERROR;
				GCC_WARN_UNDECLARED_SELECTOR = YES;
				GCC_WARN_UNINITIALIZED_AUTOS = YES_AGGRESSIVE;
				GCC_WARN_UNUSED_FUNCTION = YES;
				GCC_WARN_UNUSED_VARIABLE = YES;
				IPHONEOS_DEPLOYMENT_TARGET = 8.2;
				MTL_ENABLE_DEBUG_INFO = YES;
				ONLY_ACTIVE_ARCH = YES;
				SDKROOT = iphoneos;
				TARGETED_DEVICE_FAMILY = "1,2";
				VERSIONING_SYSTEM = "apple-generic";
				VERSION_INFO_PREFIX = "";
			};
			name = Debug;
		};
		082DBC141ABDB78E002A0CAE /* Release */ = {
			isa = XCBuildConfiguration;
			buildSettings = {
				ALWAYS_SEARCH_USER_PATHS = YES;
				CLANG_CXX_LANGUAGE_STANDARD = "gnu++0x";
				CLANG_CXX_LIBRARY = "libc++";
				CLANG_ENABLE_MODULES = YES;
				CLANG_ENABLE_OBJC_ARC = YES;
				CLANG_WARN_BOOL_CONVERSION = YES;
				CLANG_WARN_CONSTANT_CONVERSION = YES;
				CLANG_WARN_DIRECT_OBJC_ISA_USAGE = YES_ERROR;
				CLANG_WARN_EMPTY_BODY = YES;
				CLANG_WARN_ENUM_CONVERSION = YES;
				CLANG_WARN_INT_CONVERSION = YES;
				CLANG_WARN_OBJC_ROOT_CLASS = YES_ERROR;
				CLANG_WARN_UNREACHABLE_CODE = YES;
				CLANG_WARN__DUPLICATE_METHOD_MATCH = YES;
				"CODE_SIGN_IDENTITY[sdk=iphoneos*]" = "iPhone Developer";
				COPY_PHASE_STRIP = NO;
				CURRENT_PROJECT_VERSION = 1;
				ENABLE_NS_ASSERTIONS = NO;
				ENABLE_STRICT_OBJC_MSGSEND = YES;
				GCC_C_LANGUAGE_STANDARD = gnu99;
				GCC_WARN_64_TO_32_BIT_CONVERSION = YES;
				GCC_WARN_ABOUT_RETURN_TYPE = YES_ERROR;
				GCC_WARN_UNDECLARED_SELECTOR = YES;
				GCC_WARN_UNINITIALIZED_AUTOS = YES_AGGRESSIVE;
				GCC_WARN_UNUSED_FUNCTION = YES;
				GCC_WARN_UNUSED_VARIABLE = YES;
				IPHONEOS_DEPLOYMENT_TARGET = 8.2;
				MTL_ENABLE_DEBUG_INFO = NO;
				SDKROOT = iphoneos;
				TARGETED_DEVICE_FAMILY = "1,2";
				VALIDATE_PRODUCT = YES;
				VERSIONING_SYSTEM = "apple-generic";
				VERSION_INFO_PREFIX = "";
			};
			name = Release;
		};
		0875DE7E1ABE29FA0042A417 /* Debug */ = {
			isa = XCBuildConfiguration;
			buildSettings = {
				ALWAYS_SEARCH_USER_PATHS = YES;
				ASSETCATALOG_COMPILER_APPICON_NAME = AppIcon;
				ASSETCATALOG_COMPILER_LAUNCHIMAGE_NAME = LaunchImage;
				FRAMEWORK_SEARCH_PATHS = (
					"$(inherited)",
					"$(PROJECT_DIR)/google-drive/**",
					"$(PROJECT_DIR)/**",
					"$(PROJECT_DIR)/dropbox",
				);
				GCC_PREPROCESSOR_DEFINITIONS = (
					"DEBUG=1",
					"$(inherited)",
				);
				HEADER_SEARCH_PATHS = (
					"$(inherited)",
					"/Applications/Xcode-beta.app/Contents/Developer/Toolchains/XcodeDefault.xctoolchain/usr/include",
					"$(SRCROOT)/google-drive/**",
				);
				INFOPLIST_FILE = GDCloudFIleBrowser/Info.plist;
				LD_RUNPATH_SEARCH_PATHS = "$(inherited) @executable_path/Frameworks";
				LIBRARY_SEARCH_PATHS = (
					"$(inherited)",
					"$(PROJECT_DIR)/google-drive",
				);
				OTHER_LDFLAGS = (
					"$(inherited)",
					"-ObjC",
				);
				PRODUCT_NAME = "$(TARGET_NAME)";
				USER_HEADER_SEARCH_PATHS = "$(inherited) $(PROJECT_DIR)/google-drive/**";
			};
			name = Debug;
		};
		0875DE7F1ABE29FA0042A417 /* Release */ = {
			isa = XCBuildConfiguration;
			buildSettings = {
				ALWAYS_SEARCH_USER_PATHS = YES;
				ASSETCATALOG_COMPILER_APPICON_NAME = AppIcon;
				ASSETCATALOG_COMPILER_LAUNCHIMAGE_NAME = LaunchImage;
				FRAMEWORK_SEARCH_PATHS = (
					"$(inherited)",
					"$(PROJECT_DIR)/google-drive/**",
					"$(PROJECT_DIR)/**",
					"$(PROJECT_DIR)/dropbox",
				);
				HEADER_SEARCH_PATHS = (
					"$(inherited)",
					"/Applications/Xcode-beta.app/Contents/Developer/Toolchains/XcodeDefault.xctoolchain/usr/include",
					"$(SRCROOT)/google-drive/**",
				);
				INFOPLIST_FILE = GDCloudFIleBrowser/Info.plist;
				LD_RUNPATH_SEARCH_PATHS = "$(inherited) @executable_path/Frameworks";
				LIBRARY_SEARCH_PATHS = (
					"$(inherited)",
					"$(PROJECT_DIR)/google-drive",
				);
				OTHER_LDFLAGS = (
					"$(inherited)",
					"-ObjC",
				);
				PRODUCT_NAME = "$(TARGET_NAME)";
				USER_HEADER_SEARCH_PATHS = "$(inherited) $(PROJECT_DIR)/google-drive/**";
			};
			name = Release;
		};
		0875DE811ABE29FA0042A417 /* Debug */ = {
			isa = XCBuildConfiguration;
			buildSettings = {
				BUNDLE_LOADER = "$(TEST_HOST)";
				FRAMEWORK_SEARCH_PATHS = (
					"$(SDKROOT)/Developer/Library/Frameworks",
					"$(inherited)",
				);
				GCC_PREPROCESSOR_DEFINITIONS = (
					"DEBUG=1",
					"$(inherited)",
				);
				INFOPLIST_FILE = GDCloudFIleBrowserTests/Info.plist;
				LD_RUNPATH_SEARCH_PATHS = "$(inherited) @executable_path/Frameworks @loader_path/Frameworks";
				PRODUCT_NAME = "$(TARGET_NAME)";
				TEST_HOST = "$(BUILT_PRODUCTS_DIR)/GDCloudFIleBrowser.app/GDCloudFIleBrowser";
			};
			name = Debug;
		};
		0875DE821ABE29FA0042A417 /* Release */ = {
			isa = XCBuildConfiguration;
			buildSettings = {
				BUNDLE_LOADER = "$(TEST_HOST)";
				FRAMEWORK_SEARCH_PATHS = (
					"$(SDKROOT)/Developer/Library/Frameworks",
					"$(inherited)",
				);
				INFOPLIST_FILE = GDCloudFIleBrowserTests/Info.plist;
				LD_RUNPATH_SEARCH_PATHS = "$(inherited) @executable_path/Frameworks @loader_path/Frameworks";
				PRODUCT_NAME = "$(TARGET_NAME)";
				TEST_HOST = "$(BUILT_PRODUCTS_DIR)/GDCloudFIleBrowser.app/GDCloudFIleBrowser";
			};
			name = Release;
		};
/* End XCBuildConfiguration section */

/* Begin XCConfigurationList section */
		082DBBF91ABDB78E002A0CAE /* Build configuration list for PBXProject "GDCloudFileBrowser" */ = {
			isa = XCConfigurationList;
			buildConfigurations = (
				082DBC131ABDB78E002A0CAE /* Debug */,
				082DBC141ABDB78E002A0CAE /* Release */,
			);
			defaultConfigurationIsVisible = 0;
			defaultConfigurationName = Release;
		};
		0875DE7D1ABE29FA0042A417 /* Build configuration list for PBXNativeTarget "GDCloudFIleBrowser" */ = {
			isa = XCConfigurationList;
			buildConfigurations = (
				0875DE7E1ABE29FA0042A417 /* Debug */,
				0875DE7F1ABE29FA0042A417 /* Release */,
			);
			defaultConfigurationIsVisible = 0;
			defaultConfigurationName = Release;
		};
		0875DE801ABE29FA0042A417 /* Build configuration list for PBXNativeTarget "GDCloudFIleBrowserTests" */ = {
			isa = XCConfigurationList;
			buildConfigurations = (
				0875DE811ABE29FA0042A417 /* Debug */,
				0875DE821ABE29FA0042A417 /* Release */,
			);
			defaultConfigurationIsVisible = 0;
			defaultConfigurationName = Release;
		};
/* End XCConfigurationList section */
	};
	rootObject = 082DBBF61ABDB78E002A0CAE /* Project object */;
}
